
Microsoft Visual Studio Solution File, Format Version 11.00
# Visual Studio 2010
Project("{FAE04EC0-301F-11D3-BF4B-00C04F79EFBC}") = "DFU_demo", "DFU_demo.csproj", "{2AA77B1D-5F6B-4206-954C-ED8D6E7DEA1B}"
EndProject
Global
	GlobalSection(SolutionConfigurationPlatforms) = preSolution
		Debug|Any CPU = Debug|Any CPU
		Release|Any CPU = Release|Any CPU
	EndGlobalSection
	GlobalSection(ProjectConfigurationPlatforms) = postSolution
		{2AA77B1D-5F6B-4206-954C-ED8D6E7DEA1B}.Debug|Any CPU.ActiveCfg = Debug|Any CPU
		{2AA77B1D-5F6B-4206-954C-ED8D6E7DEA1B}.Debug|Any CPU.Build.0 = Debug|Any CPU
		{2AA77B1D-5F6B-4206-954C-ED8D6E7DEA1B}.Release|Any CPU.ActiveCfg = Release|Any CPU
		{2AA77B1D-5F6B-4206-954C-ED8D6E7DEA1B}.Release|Any CPU.Build.0 = Release|Any CPU
	EndGlobalSection
	GlobalSection(SolutionProperties) = preSolution
		HideSolutionNode = FALSE
	EndGlobalSection
EndGlobal
